
Microsoft Visual Studio Solution File, Format Version 12.00
# Visual Studio Version 16
VisualStudioVersion = 16.0.30309.148
MinimumVisualStudioVersion = 10.0.40219.1
Project("{FAE04EC0-301F-11D3-BF4B-00C04F79EFBC}") = "remoteLogIn", "remoteLogIn.csproj", "{D65DB6FA-5FE6-480F-874B-C1372F6630C0}"
EndProject
Global
	GlobalSection(SolutionConfigurationPlatforms) = preSolution
		Debug|Any CPU = Debug|Any CPU
		Release|Any CPU = Release|Any CPU
	EndGlobalSection
	GlobalSection(ProjectConfigurationPlatforms) = postSolution
		{D65DB6FA-5FE6-480F-874B-C1372F6630C0}.Debug|Any CPU.ActiveCfg = Debug|Any CPU
		{D65DB6FA-5FE6-480F-874B-C1372F6630C0}.Debug|Any CPU.Build.0 = Debug|Any CPU
		{D65DB6FA-5FE6-480F-874B-C1372F6630C0}.Release|Any CPU.ActiveCfg = Release|Any CPU
		{D65DB6FA-5FE6-480F-874B-C1372F6630C0}.Release|Any CPU.Build.0 = Release|Any CPU
	EndGlobalSection
	GlobalSection(SolutionProperties) = preSolution
		HideSolutionNode = FALSE
	EndGlobalSection
	GlobalSection(ExtensibilityGlobals) = postSolution
		SolutionGuid = {D64D8567-FC14-4FA3-9E58-4AEE9DFD2F33}
	EndGlobalSection
EndGlobal
